// !$*UTF8*$!
{
	archiveVersion = 1;
	classes = {
	};
	objectVersion = 55;
	objects = {

/* Begin PBXBuildFile section */
		7510E0F327A549F9004F9F82 /* EndLevelView.swift in Sources */ = {isa = PBXBuildFile; fileRef = 7510E0F227A549F9004F9F82 /* EndLevelView.swift */; };
		7510E0F527A6E93F004F9F82 /* SoundManager.swift in Sources */ = {isa = PBXBuildFile; fileRef = 7510E0F427A6E93F004F9F82 /* SoundManager.swift */; };
		753EA471279ED6EB005FAB03 /* AppDelegate.swift in Sources */ = {isa = PBXBuildFile; fileRef = 753EA470279ED6EB005FAB03 /* AppDelegate.swift */; };
		753EA473279ED6EB005FAB03 /* SceneDelegate.swift in Sources */ = {isa = PBXBuildFile; fileRef = 753EA472279ED6EB005FAB03 /* SceneDelegate.swift */; };
		753EA475279ED6EB005FAB03 /* MainVC.swift in Sources */ = {isa = PBXBuildFile; fileRef = 753EA474279ED6EB005FAB03 /* MainVC.swift */; };
		753EA478279ED6EB005FAB03 /* Main.storyboard in Resources */ = {isa = PBXBuildFile; fileRef = 753EA476279ED6EB005FAB03 /* Main.storyboard */; };
		753EA47A279ED6EC005FAB03 /* Assets.xcassets in Resources */ = {isa = PBXBuildFile; fileRef = 753EA479279ED6EC005FAB03 /* Assets.xcassets */; };
		753EA47D279ED6EC005FAB03 /* LaunchScreen.storyboard in Resources */ = {isa = PBXBuildFile; fileRef = 753EA47B279ED6EC005FAB03 /* LaunchScreen.storyboard */; };
		75A38134279ED7B300EC2416 /* MainView.swift in Sources */ = {isa = PBXBuildFile; fileRef = 75A38133279ED7B300EC2416 /* MainView.swift */; };
		75A38136279EEBB800EC2416 /* GameVC.swift in Sources */ = {isa = PBXBuildFile; fileRef = 75A38135279EEBB800EC2416 /* GameVC.swift */; };
		75A38138279EEBC900EC2416 /* BestTimeVC.swift in Sources */ = {isa = PBXBuildFile; fileRef = 75A38137279EEBC900EC2416 /* BestTimeVC.swift */; };
		75A3813C279EEC0300EC2416 /* GameView.swift in Sources */ = {isa = PBXBuildFile; fileRef = 75A3813B279EEC0300EC2416 /* GameView.swift */; };
		75A3813E279EEC1600EC2416 /* BestTimeView.swift in Sources */ = {isa = PBXBuildFile; fileRef = 75A3813D279EEC1600EC2416 /* BestTimeView.swift */; };
		75A38140279EEC3200EC2416 /* SettingsView.swift in Sources */ = {isa = PBXBuildFile; fileRef = 75A3813F279EEC3200EC2416 /* SettingsView.swift */; };
		75A3814327A0222300EC2416 /* CardCVCell.swift in Sources */ = {isa = PBXBuildFile; fileRef = 75A3814227A0222300EC2416 /* CardCVCell.swift */; };
		75A3814527A025F600EC2416 /* Card.swift in Sources */ = {isa = PBXBuildFile; fileRef = 75A3814427A025F600EC2416 /* Card.swift */; };
		75A3814727A0261D00EC2416 /* CardModel.swift in Sources */ = {isa = PBXBuildFile; fileRef = 75A3814627A0261D00EC2416 /* CardModel.swift */; };
/* End PBXBuildFile section */

/* Begin PBXFileReference section */
		7510E0F227A549F9004F9F82 /* EndLevelView.swift */ = {isa = PBXFileReference; lastKnownFileType = sourcecode.swift; path = EndLevelView.swift; sourceTree = "<group>"; };
		7510E0F427A6E93F004F9F82 /* SoundManager.swift */ = {isa = PBXFileReference; lastKnownFileType = sourcecode.swift; path = SoundManager.swift; sourceTree = "<group>"; };
		753EA46D279ED6EB005FAB03 /* Brain trainer.app */ = {isa = PBXFileReference; explicitFileType = wrapper.application; includeInIndex = 0; path = "Brain trainer.app"; sourceTree = BUILT_PRODUCTS_DIR; };
		753EA470279ED6EB005FAB03 /* AppDelegate.swift */ = {isa = PBXFileReference; lastKnownFileType = sourcecode.swift; path = AppDelegate.swift; sourceTree = "<group>"; };
		753EA472279ED6EB005FAB03 /* SceneDelegate.swift */ = {isa = PBXFileReference; lastKnownFileType = sourcecode.swift; path = SceneDelegate.swift; sourceTree = "<group>"; };
		753EA474279ED6EB005FAB03 /* MainVC.swift */ = {isa = PBXFileReference; lastKnownFileType = sourcecode.swift; path = MainVC.swift; sourceTree = "<group>"; };
		753EA477279ED6EB005FAB03 /* Base */ = {isa = PBXFileReference; lastKnownFileType = file.storyboard; name = Base; path = Base.lproj/Main.storyboard; sourceTree = "<group>"; };
		753EA479279ED6EC005FAB03 /* Assets.xcassets */ = {isa = PBXFileReference; lastKnownFileType = folder.assetcatalog; path = Assets.xcassets; sourceTree = "<group>"; };
		753EA47C279ED6EC005FAB03 /* Base */ = {isa = PBXFileReference; lastKnownFileType = file.storyboard; name = Base; path = Base.lproj/LaunchScreen.storyboard; sourceTree = "<group>"; };
		753EA47E279ED6EC005FAB03 /* Info.plist */ = {isa = PBXFileReference; lastKnownFileType = text.plist.xml; path = Info.plist; sourceTree = "<group>"; };
		75A38133279ED7B300EC2416 /* MainView.swift */ = {isa = PBXFileReference; lastKnownFileType = sourcecode.swift; path = MainView.swift; sourceTree = "<group>"; };
		75A38135279EEBB800EC2416 /* GameVC.swift */ = {isa = PBXFileReference; lastKnownFileType = sourcecode.swift; path = GameVC.swift; sourceTree = "<group>"; };
		75A38137279EEBC900EC2416 /* BestTimeVC.swift */ = {isa = PBXFileReference; lastKnownFileType = sourcecode.swift; path = BestTimeVC.swift; sourceTree = "<group>"; };
		75A3813B279EEC0300EC2416 /* GameView.swift */ = {isa = PBXFileReference; lastKnownFileType = sourcecode.swift; path = GameView.swift; sourceTree = "<group>"; };
		75A3813D279EEC1600EC2416 /* BestTimeView.swift */ = {isa = PBXFileReference; lastKnownFileType = sourcecode.swift; path = BestTimeView.swift; sourceTree = "<group>"; };
		75A3813F279EEC3200EC2416 /* SettingsView.swift */ = {isa = PBXFileReference; lastKnownFileType = sourcecode.swift; path = SettingsView.swift; sourceTree = "<group>"; };
		75A3814227A0222300EC2416 /* CardCVCell.swift */ = {isa = PBXFileReference; lastKnownFileType = sourcecode.swift; path = CardCVCell.swift; sourceTree = "<group>"; };
		75A3814427A025F600EC2416 /* Card.swift */ = {isa = PBXFileReference; lastKnownFileType = sourcecode.swift; path = Card.swift; sourceTree = "<group>"; };
		75A3814627A0261D00EC2416 /* CardModel.swift */ = {isa = PBXFileReference; lastKnownFileType = sourcecode.swift; path = CardModel.swift; sourceTree = "<group>"; };
/* End PBXFileReference section */

/* Begin PBXFrameworksBuildPhase section */
		753EA46A279ED6EB005FAB03 /* Frameworks */ = {
			isa = PBXFrameworksBuildPhase;
			buildActionMask = 2147483647;
			files = (
			);
			runOnlyForDeploymentPostprocessing = 0;
		};
/* End PBXFrameworksBuildPhase section */

/* Begin PBXGroup section */
		753EA464279ED6EB005FAB03 = {
			isa = PBXGroup;
			children = (
				753EA46F279ED6EB005FAB03 /* Brain trainer */,
				753EA46E279ED6EB005FAB03 /* Products */,
			);
			sourceTree = "<group>";
		};
		753EA46E279ED6EB005FAB03 /* Products */ = {
			isa = PBXGroup;
			children = (
				753EA46D279ED6EB005FAB03 /* Brain trainer.app */,
			);
			name = Products;
			sourceTree = "<group>";
		};
		753EA46F279ED6EB005FAB03 /* Brain trainer */ = {
			isa = PBXGroup;
			children = (
				753EA470279ED6EB005FAB03 /* AppDelegate.swift */,
				753EA472279ED6EB005FAB03 /* SceneDelegate.swift */,
				75A38130279ED73F00EC2416 /* Model */,
				75A38131279ED75000EC2416 /* View */,
				75A38132279ED75B00EC2416 /* Controllers */,
				753EA479279ED6EC005FAB03 /* Assets.xcassets */,
				753EA47B279ED6EC005FAB03 /* LaunchScreen.storyboard */,
				753EA47E279ED6EC005FAB03 /* Info.plist */,
			);
			path = "Brain trainer";
			sourceTree = "<group>";
		};
		75A38130279ED73F00EC2416 /* Model */ = {
			isa = PBXGroup;
			children = (
				75A3814427A025F600EC2416 /* Card.swift */,
				75A3814627A0261D00EC2416 /* CardModel.swift */,
				7510E0F427A6E93F004F9F82 /* SoundManager.swift */,
			);
			path = Model;
			sourceTree = "<group>";
		};
		75A38131279ED75000EC2416 /* View */ = {
			isa = PBXGroup;
			children = (
				75A3814127A021FB00EC2416 /* Cell */,
				753EA476279ED6EB005FAB03 /* Main.storyboard */,
				75A38133279ED7B300EC2416 /* MainView.swift */,
				75A3813B279EEC0300EC2416 /* GameView.swift */,
				75A3813D279EEC1600EC2416 /* BestTimeView.swift */,
				75A3813F279EEC3200EC2416 /* SettingsView.swift */,
				7510E0F227A549F9004F9F82 /* EndLevelView.swift */,
			);
			path = View;
			sourceTree = "<group>";
		};
		75A38132279ED75B00EC2416 /* Controllers */ = {
			isa = PBXGroup;
			children = (
				753EA474279ED6EB005FAB03 /* MainVC.swift */,
				75A38135279EEBB800EC2416 /* GameVC.swift */,
				75A38137279EEBC900EC2416 /* BestTimeVC.swift */,
			);
			path = Controllers;
			sourceTree = "<group>";
		};
		75A3814127A021FB00EC2416 /* Cell */ = {
			isa = PBXGroup;
			children = (
				75A3814227A0222300EC2416 /* CardCVCell.swift */,
			);
			path = Cell;
			sourceTree = "<group>";
		};
/* End PBXGroup section */

/* Begin PBXNativeTarget section */
		753EA46C279ED6EB005FAB03 /* Brain trainer */ = {
			isa = PBXNativeTarget;
			buildConfigurationList = 753EA481279ED6EC005FAB03 /* Build configuration list for PBXNativeTarget "Brain trainer" */;
			buildPhases = (
				753EA469279ED6EB005FAB03 /* Sources */,
				753EA46A279ED6EB005FAB03 /* Frameworks */,
				753EA46B279ED6EB005FAB03 /* Resources */,
			);
			buildRules = (
			);
			dependencies = (
			);
			name = "Brain trainer";
			productName = "Brain trainer";
			productReference = 753EA46D279ED6EB005FAB03 /* Brain trainer.app */;
			productType = "com.apple.product-type.application";
		};
/* End PBXNativeTarget section */

/* Begin PBXProject section */
		753EA465279ED6EB005FAB03 /* Project object */ = {
			isa = PBXProject;
			attributes = {
				BuildIndependentTargetsInParallel = 1;
				LastSwiftUpdateCheck = 1310;
				LastUpgradeCheck = 1310;
				TargetAttributes = {
					753EA46C279ED6EB005FAB03 = {
						CreatedOnToolsVersion = 13.1;
					};
				};
			};
			buildConfigurationList = 753EA468279ED6EB005FAB03 /* Build configuration list for PBXProject "Brain trainer" */;
			compatibilityVersion = "Xcode 13.0";
			developmentRegion = en;
			hasScannedForEncodings = 0;
			knownRegions = (
				en,
				Base,
			);
			mainGroup = 753EA464279ED6EB005FAB03;
			productRefGroup = 753EA46E279ED6EB005FAB03 /* Products */;
			projectDirPath = "";
			projectRoot = "";
			targets = (
				753EA46C279ED6EB005FAB03 /* Brain trainer */,
			);
		};
/* End PBXProject section */

/* Begin PBXResourcesBuildPhase section */
		753EA46B279ED6EB005FAB03 /* Resources */ = {
			isa = PBXResourcesBuildPhase;
			buildActionMask = 2147483647;
			files = (
				753EA47D279ED6EC005FAB03 /* LaunchScreen.storyboard in Resources */,
				753EA47A279ED6EC005FAB03 /* Assets.xcassets in Resources */,
				753EA478279ED6EB005FAB03 /* Main.storyboard in Resources */,
			);
			runOnlyForDeploymentPostprocessing = 0;
		};
/* End PBXResourcesBuildPhase section */

/* Begin PBXSourcesBuildPhase section */
		753EA469279ED6EB005FAB03 /* Sources */ = {
			isa = PBXSourcesBuildPhase;
			buildActionMask = 2147483647;
			files = (
				753EA475279ED6EB005FAB03 /* MainVC.swift in Sources */,
				75A38138279EEBC900EC2416 /* BestTimeVC.swift in Sources */,
				7510E0F327A549F9004F9F82 /* EndLevelView.swift in Sources */,
				75A38134279ED7B300EC2416 /* MainView.swift in Sources */,
				75A3813E279EEC1600EC2416 /* BestTimeView.swift in Sources */,
				753EA471279ED6EB005FAB03 /* AppDelegate.swift in Sources */,
				75A3814727A0261D00EC2416 /* CardModel.swift in Sources */,
				75A38140279EEC3200EC2416 /* SettingsView.swift in Sources */,
				75A38136279EEBB800EC2416 /* GameVC.swift in Sources */,
				75A3814527A025F600EC2416 /* Card.swift in Sources */,
				753EA473279ED6EB005FAB03 /* SceneDelegate.swift in Sources */,
				75A3813C279EEC0300EC2416 /* GameView.swift in Sources */,
				75A3814327A0222300EC2416 /* CardCVCell.swift in Sources */,
				7510E0F527A6E93F004F9F82 /* SoundManager.swift in Sources */,
			);
			runOnlyForDeploymentPostprocessing = 0;
		};
/* End PBXSourcesBuildPhase section */

/* Begin PBXVariantGroup section */
		753EA476279ED6EB005FAB03 /* Main.storyboard */ = {
			isa = PBXVariantGroup;
			children = (
				753EA477279ED6EB005FAB03 /* Base */,
			);
			name = Main.storyboard;
			sourceTree = "<group>";
		};
		753EA47B279ED6EC005FAB03 /* LaunchScreen.storyboard */ = {
			isa = PBXVariantGroup;
			children = (
				753EA47C279ED6EC005FAB03 /* Base */,
			);
			name = LaunchScreen.storyboard;
			sourceTree = "<group>";
		};
/* End PBXVariantGroup section */

/* Begin XCBuildConfiguration section */
		753EA47F279ED6EC005FAB03 /* Debug */ = {
			isa = XCBuildConfiguration;
			buildSettings = {
				ALWAYS_SEARCH_USER_PATHS = NO;
				CLANG_ANALYZER_NONNULL = YES;
				CLANG_ANALYZER_NUMBER_OBJECT_CONVERSION = YES_AGGRESSIVE;
				CLANG_CXX_LANGUAGE_STANDARD = "gnu++17";
				CLANG_CXX_LIBRARY = "libc++";
				CLANG_ENABLE_MODULES = YES;
				CLANG_ENABLE_OBJC_ARC = YES;
				CLANG_ENABLE_OBJC_WEAK = YES;
				CLANG_WARN_BLOCK_CAPTURE_AUTORELEASING = YES;
				CLANG_WARN_BOOL_CONVERSION = YES;
				CLANG_WARN_COMMA = YES;
				CLANG_WARN_CONSTANT_CONVERSION = YES;
				CLANG_WARN_DEPRECATED_OBJC_IMPLEMENTATIONS = YES;
				CLANG_WARN_DIRECT_OBJC_ISA_USAGE = YES_ERROR;
				CLANG_WARN_DOCUMENTATION_COMMENTS = YES;
				CLANG_WARN_EMPTY_BODY = YES;
				CLANG_WARN_ENUM_CONVERSION = YES;
				CLANG_WARN_INFINITE_RECURSION = YES;
				CLANG_WARN_INT_CONVERSION = YES;
				CLANG_WARN_NON_LITERAL_NULL_CONVERSION = YES;
				CLANG_WARN_OBJC_IMPLICIT_RETAIN_SELF = YES;
				CLANG_WARN_OBJC_LITERAL_CONVERSION = YES;
				CLANG_WARN_OBJC_ROOT_CLASS = YES_ERROR;
				CLANG_WARN_QUOTED_INCLUDE_IN_FRAMEWORK_HEADER = YES;
				CLANG_WARN_RANGE_LOOP_ANALYSIS = YES;
				CLANG_WARN_STRICT_PROTOTYPES = YES;
				CLANG_WARN_SUSPICIOUS_MOVE = YES;
				CLANG_WARN_UNGUARDED_AVAILABILITY = YES_AGGRESSIVE;
				CLANG_WARN_UNREACHABLE_CODE = YES;
				CLANG_WARN__DUPLICATE_METHOD_MATCH = YES;
				COPY_PHASE_STRIP = NO;
				DEBUG_INFORMATION_FORMAT = dwarf;
				ENABLE_STRICT_OBJC_MSGSEND = YES;
				ENABLE_TESTABILITY = YES;
				GCC_C_LANGUAGE_STANDARD = gnu11;
				GCC_DYNAMIC_NO_PIC = NO;
				GCC_NO_COMMON_BLOCKS = YES;
				GCC_OPTIMIZATION_LEVEL = 0;
				GCC_PREPROCESSOR_DEFINITIONS = (
					"DEBUG=1",
					"$(inherited)",
				);
				GCC_WARN_64_TO_32_BIT_CONVERSION = YES;
				GCC_WARN_ABOUT_RETURN_TYPE = YES_ERROR;
				GCC_WARN_UNDECLARED_SELECTOR = YES;
				GCC_WARN_UNINITIALIZED_AUTOS = YES_AGGRESSIVE;
				GCC_WARN_UNUSED_FUNCTION = YES;
				GCC_WARN_UNUSED_VARIABLE = YES;
				IPHONEOS_DEPLOYMENT_TARGET = 15.0;
				MTL_ENABLE_DEBUG_INFO = INCLUDE_SOURCE;
				MTL_FAST_MATH = YES;
				ONLY_ACTIVE_ARCH = YES;
				SDKROOT = iphoneos;
				SWIFT_ACTIVE_COMPILATION_CONDITIONS = DEBUG;
				SWIFT_OPTIMIZATION_LEVEL = "-Onone";
			};
			name = Debug;
		};
		753EA480279ED6EC005FAB03 /* Release */ = {
			isa = XCBuildConfiguration;
			buildSettings = {
				ALWAYS_SEARCH_USER_PATHS = NO;
				CLANG_ANALYZER_NONNULL = YES;
				CLANG_ANALYZER_NUMBER_OBJECT_CONVERSION = YES_AGGRESSIVE;
				CLANG_CXX_LANGUAGE_STANDARD = "gnu++17";
				CLANG_CXX_LIBRARY = "libc++";
				CLANG_ENABLE_MODULES = YES;
				CLANG_ENABLE_OBJC_ARC = YES;
				CLANG_ENABLE_OBJC_WEAK = YES;
				CLANG_WARN_BLOCK_CAPTURE_AUTORELEASING = YES;
				CLANG_WARN_BOOL_CONVERSION = YES;
				CLANG_WARN_COMMA = YES;
				CLANG_WARN_CONSTANT_CONVERSION = YES;
				CLANG_WARN_DEPRECATED_OBJC_IMPLEMENTATIONS = YES;
				CLANG_WARN_DIRECT_OBJC_ISA_USAGE = YES_ERROR;
				CLANG_WARN_DOCUMENTATION_COMMENTS = YES;
				CLANG_WARN_EMPTY_BODY = YES;
				CLANG_WARN_ENUM_CONVERSION = YES;
				CLANG_WARN_INFINITE_RECURSION = YES;
				CLANG_WARN_INT_CONVERSION = YES;
				CLANG_WARN_NON_LITERAL_NULL_CONVERSION = YES;
				CLANG_WARN_OBJC_IMPLICIT_RETAIN_SELF = YES;
				CLANG_WARN_OBJC_LITERAL_CONVERSION = YES;
				CLANG_WARN_OBJC_ROOT_CLASS = YES_ERROR;
				CLANG_WARN_QUOTED_INCLUDE_IN_FRAMEWORK_HEADER = YES;
				CLANG_WARN_RANGE_LOOP_ANALYSIS = YES;
				CLANG_WARN_STRICT_PROTOTYPES = YES;
				CLANG_WARN_SUSPICIOUS_MOVE = YES;
				CLANG_WARN_UNGUARDED_AVAILABILITY = YES_AGGRESSIVE;
				CLANG_WARN_UNREACHABLE_CODE = YES;
				CLANG_WARN__DUPLICATE_METHOD_MATCH = YES;
				COPY_PHASE_STRIP = NO;
				DEBUG_INFORMATION_FORMAT = "dwarf-with-dsym";
				ENABLE_NS_ASSERTIONS = NO;
				ENABLE_STRICT_OBJC_MSGSEND = YES;
				GCC_C_LANGUAGE_STANDARD = gnu11;
				GCC_NO_COMMON_BLOCKS = YES;
				GCC_WARN_64_TO_32_BIT_CONVERSION = YES;
				GCC_WARN_ABOUT_RETURN_TYPE = YES_ERROR;
				GCC_WARN_UNDECLARED_SELECTOR = YES;
				GCC_WARN_UNINITIALIZED_AUTOS = YES_AGGRESSIVE;
				GCC_WARN_UNUSED_FUNCTION = YES;
				GCC_WARN_UNUSED_VARIABLE = YES;
				IPHONEOS_DEPLOYMENT_TARGET = 15.0;
				MTL_ENABLE_DEBUG_INFO = NO;
				MTL_FAST_MATH = YES;
				SDKROOT = iphoneos;
				SWIFT_COMPILATION_MODE = wholemodule;
				SWIFT_OPTIMIZATION_LEVEL = "-O";
				VALIDATE_PRODUCT = YES;
			};
			name = Release;
		};
		753EA482279ED6EC005FAB03 /* Debug */ = {
			isa = XCBuildConfiguration;
			buildSettings = {
				ASSETCATALOG_COMPILER_APPICON_NAME = AppIcon;
				ASSETCATALOG_COMPILER_GLOBAL_ACCENT_COLOR_NAME = AccentColor;
				CODE_SIGN_STYLE = Automatic;
				CURRENT_PROJECT_VERSION = 1;
				DEVELOPMENT_TEAM = 26MUMHYS85;
				GENERATE_INFOPLIST_FILE = YES;
				INFOPLIST_FILE = "Brain trainer/Info.plist";
				INFOPLIST_KEY_UIApplicationSupportsIndirectInputEvents = YES;
				INFOPLIST_KEY_UILaunchStoryboardName = LaunchScreen;
				INFOPLIST_KEY_UIMainStoryboardFile = Main;
				INFOPLIST_KEY_UISupportedInterfaceOrientations_iPad = "UIInterfaceOrientationPortrait UIInterfaceOrientationPortraitUpsideDown UIInterfaceOrientationLandscapeLeft UIInterfaceOrientationLandscapeRight";
				INFOPLIST_KEY_UISupportedInterfaceOrientations_iPhone = "UIInterfaceOrientationPortrait UIInterfaceOrientationLandscapeLeft UIInterfaceOrientationLandscapeRight";
				LD_RUNPATH_SEARCH_PATHS = (
					"$(inherited)",
					"@executable_path/Frameworks",
				);
				MARKETING_VERSION = 1.0;
				PRODUCT_BUNDLE_IDENTIFIER = "com.VD.Brain-trainer";
				PRODUCT_NAME = "$(TARGET_NAME)";
				SWIFT_EMIT_LOC_STRINGS = YES;
				SWIFT_VERSION = 5.0;
				TARGETED_DEVICE_FAMILY = "1,2";
			};
			name = Debug;
		};
		753EA483279ED6EC005FAB03 /* Release */ = {
			isa = XCBuildConfiguration;
			buildSettings = {
				ASSETCATALOG_COMPILER_APPICON_NAME = AppIcon;
				ASSETCATALOG_COMPILER_GLOBAL_ACCENT_COLOR_NAME = AccentColor;
				CODE_SIGN_STYLE = Automatic;
				CURRENT_PROJECT_VERSION = 1;
				DEVELOPMENT_TEAM = 26MUMHYS85;
				GENERATE_INFOPLIST_FILE = YES;
				INFOPLIST_FILE = "Brain trainer/Info.plist";
				INFOPLIST_KEY_UIApplicationSupportsIndirectInputEvents = YES;
				INFOPLIST_KEY_UILaunchStoryboardName = LaunchScreen;
				INFOPLIST_KEY_UIMainStoryboardFile = Main;
				INFOPLIST_KEY_UISupportedInterfaceOrientations_iPad = "UIInterfaceOrientationPortrait UIInterfaceOrientationPortraitUpsideDown UIInterfaceOrientationLandscapeLeft UIInterfaceOrientationLandscapeRight";
				INFOPLIST_KEY_UISupportedInterfaceOrientations_iPhone = "UIInterfaceOrientationPortrait UIInterfaceOrientationLandscapeLeft UIInterfaceOrientationLandscapeRight";
				LD_RUNPATH_SEARCH_PATHS = (
					"$(inherited)",
					"@executable_path/Frameworks",
				);
				MARKETING_VERSION = 1.0;
				PRODUCT_BUNDLE_IDENTIFIER = "com.VD.Brain-trainer";
				PRODUCT_NAME = "$(TARGET_NAME)";
				SWIFT_EMIT_LOC_STRINGS = YES;
				SWIFT_VERSION = 5.0;
				TARGETED_DEVICE_FAMILY = "1,2";
			};
			name = Release;
		};
/* End XCBuildConfiguration section */

/* Begin XCConfigurationList section */
		753EA468279ED6EB005FAB03 /* Build configuration list for PBXProject "Brain trainer" */ = {
			isa = XCConfigurationList;
			buildConfigurations = (
				753EA47F279ED6EC005FAB03 /* Debug */,
				753EA480279ED6EC005FAB03 /* Release */,
			);
			defaultConfigurationIsVisible = 0;
			defaultConfigurationName = Release;
		};
		753EA481279ED6EC005FAB03 /* Build configuration list for PBXNativeTarget "Brain trainer" */ = {
			isa = XCConfigurationList;
			buildConfigurations = (
				753EA482279ED6EC005FAB03 /* Debug */,
				753EA483279ED6EC005FAB03 /* Release */,
			);
			defaultConfigurationIsVisible = 0;
			defaultConfigurationName = Release;
		};
/* End XCConfigurationList section */
	};
	rootObject = 753EA465279ED6EB005FAB03 /* Project object */;
}
